
Microsoft Visual Studio Solution File, Format Version 12.00
Project("{FAE04EC0-301F-11D3-BF4B-00C04F79EFBC}") = "TicTacToeApi", "TicTacToeApi\TicTacToeApi.csproj", "{6AF68147-10F4-4A1E-B089-617819C8B5B8}"
EndProject
Project("{FAE04EC0-301F-11D3-BF4B-00C04F79EFBC}") = "EfPersistence", "EfPersistence\EfPersistence.csproj", "{7CF22BD8-7998-46C4-85EF-B7400A128CFD}"
EndProject
Project("{FAE04EC0-301F-11D3-BF4B-00C04F79EFBC}") = "Domain", "Domain\Domain.csproj", "{9BB75D4E-D22A-4894-9A03-77D31E40E6E5}"
EndProject
Project("{FAE04EC0-301F-11D3-BF4B-00C04F79EFBC}") = "Application", "Application\Application.csproj", "{0AF16901-6706-4BE3-87DA-39B73C768EF9}"
EndProject
Global
	GlobalSection(SolutionConfigurationPlatforms) = preSolution
		Debug|Any CPU = Debug|Any CPU
		Release|Any CPU = Release|Any CPU
	EndGlobalSection
	GlobalSection(ProjectConfigurationPlatforms) = postSolution
		{6AF68147-10F4-4A1E-B089-617819C8B5B8}.Debug|Any CPU.ActiveCfg = Debug|Any CPU
		{6AF68147-10F4-4A1E-B089-617819C8B5B8}.Debug|Any CPU.Build.0 = Debug|Any CPU
		{6AF68147-10F4-4A1E-B089-617819C8B5B8}.Release|Any CPU.ActiveCfg = Release|Any CPU
		{6AF68147-10F4-4A1E-B089-617819C8B5B8}.Release|Any CPU.Build.0 = Release|Any CPU
		{7CF22BD8-7998-46C4-85EF-B7400A128CFD}.Debug|Any CPU.ActiveCfg = Debug|Any CPU
		{7CF22BD8-7998-46C4-85EF-B7400A128CFD}.Debug|Any CPU.Build.0 = Debug|Any CPU
		{7CF22BD8-7998-46C4-85EF-B7400A128CFD}.Release|Any CPU.ActiveCfg = Release|Any CPU
		{7CF22BD8-7998-46C4-85EF-B7400A128CFD}.Release|Any CPU.Build.0 = Release|Any CPU
		{9BB75D4E-D22A-4894-9A03-77D31E40E6E5}.Debug|Any CPU.ActiveCfg = Debug|Any CPU
		{9BB75D4E-D22A-4894-9A03-77D31E40E6E5}.Debug|Any CPU.Build.0 = Debug|Any CPU
		{9BB75D4E-D22A-4894-9A03-77D31E40E6E5}.Release|Any CPU.ActiveCfg = Release|Any CPU
		{9BB75D4E-D22A-4894-9A03-77D31E40E6E5}.Release|Any CPU.Build.0 = Release|Any CPU
		{0AF16901-6706-4BE3-87DA-39B73C768EF9}.Debug|Any CPU.ActiveCfg = Debug|Any CPU
		{0AF16901-6706-4BE3-87DA-39B73C768EF9}.Debug|Any CPU.Build.0 = Debug|Any CPU
		{0AF16901-6706-4BE3-87DA-39B73C768EF9}.Release|Any CPU.ActiveCfg = Release|Any CPU
		{0AF16901-6706-4BE3-87DA-39B73C768EF9}.Release|Any CPU.Build.0 = Release|Any CPU
	EndGlobalSection
EndGlobal
